
Microsoft Visual Studio Solution File, Format Version 12.00
# Visual Studio Version 17
VisualStudioVersion = 17.7.34202.233
MinimumVisualStudioVersion = 10.0.40219.1
Project("{FAE04EC0-301F-11D3-BF4B-00C04F79EFBC}") = "NewCall_Api", "NewCall_Api\NewCall_Api.csproj", "{3C4F63DB-A9EA-4826-A1B2-8E23D83BEB93}"
EndProject
Global
	GlobalSection(SolutionConfigurationPlatforms) = preSolution
		Debug|Any CPU = Debug|Any CPU
		Release|Any CPU = Release|Any CPU
	EndGlobalSection
	GlobalSection(ProjectConfigurationPlatforms) = postSolution
		{3C4F63DB-A9EA-4826-A1B2-8E23D83BEB93}.Debug|Any CPU.ActiveCfg = Debug|Any CPU
		{3C4F63DB-A9EA-4826-A1B2-8E23D83BEB93}.Debug|Any CPU.Build.0 = Debug|Any CPU
		{3C4F63DB-A9EA-4826-A1B2-8E23D83BEB93}.Release|Any CPU.ActiveCfg = Release|Any CPU
		{3C4F63DB-A9EA-4826-A1B2-8E23D83BEB93}.Release|Any CPU.Build.0 = Release|Any CPU
	EndGlobalSection
	GlobalSection(SolutionProperties) = preSolution
		HideSolutionNode = FALSE
	EndGlobalSection
	GlobalSection(ExtensibilityGlobals) = postSolution
		SolutionGuid = {C32E3DBC-0AE9-48CF-BC58-FF6433809E6B}
	EndGlobalSection
EndGlobal
